
Microsoft Visual Studio Solution File, Format Version 12.00
# Visual Studio Version 16
VisualStudioVersion = 16.0.33214.272
MinimumVisualStudioVersion = 10.0.40219.1
Project("{FAE04EC0-301F-11D3-BF4B-00C04F79EFBC}") = "MiniMart Management System", "MiniMart Management System\MiniMart Management System.csproj", "{D2FCC38F-7073-4808-A37A-C661F4761214}"
EndProject
Global
	GlobalSection(SolutionConfigurationPlatforms) = preSolution
		Debug|Any CPU = Debug|Any CPU
		Release|Any CPU = Release|Any CPU
	EndGlobalSection
	GlobalSection(ProjectConfigurationPlatforms) = postSolution
		{D2FCC38F-7073-4808-A37A-C661F4761214}.Debug|Any CPU.ActiveCfg = Debug|Any CPU
		{D2FCC38F-7073-4808-A37A-C661F4761214}.Debug|Any CPU.Build.0 = Debug|Any CPU
		{D2FCC38F-7073-4808-A37A-C661F4761214}.Release|Any CPU.ActiveCfg = Release|Any CPU
		{D2FCC38F-7073-4808-A37A-C661F4761214}.Release|Any CPU.Build.0 = Release|Any CPU
	EndGlobalSection
	GlobalSection(SolutionProperties) = preSolution
		HideSolutionNode = FALSE
	EndGlobalSection
	GlobalSection(ExtensibilityGlobals) = postSolution
		SolutionGuid = {B7A4CA9F-C07F-42C7-93A2-88D925B421AA}
	EndGlobalSection
EndGlobal
